
Microsoft Visual Studio Solution File, Format Version 12.00
# Visual Studio 15
VisualStudioVersion = 15.0.27428.1
MinimumVisualStudioVersion = 10.0.40219.1
Project("{9A19103F-16F7-4668-BE54-9A1E7A4F7556}") = "DependencyInjection", "DependencyInjection.csproj", "{F3381F4D-B5C8-4FF1-9D8B-CF07F55DF9EA}"
EndProject
Global
	GlobalSection(SolutionConfigurationPlatforms) = preSolution
		Debug|Any CPU = Debug|Any CPU
		Release|Any CPU = Release|Any CPU
	EndGlobalSection
	GlobalSection(ProjectConfigurationPlatforms) = postSolution
		{F3381F4D-B5C8-4FF1-9D8B-CF07F55DF9EA}.Debug|Any CPU.ActiveCfg = Debug|Any CPU
		{F3381F4D-B5C8-4FF1-9D8B-CF07F55DF9EA}.Debug|Any CPU.Build.0 = Debug|Any CPU
		{F3381F4D-B5C8-4FF1-9D8B-CF07F55DF9EA}.Release|Any CPU.ActiveCfg = Release|Any CPU
		{F3381F4D-B5C8-4FF1-9D8B-CF07F55DF9EA}.Release|Any CPU.Build.0 = Release|Any CPU
	EndGlobalSection
	GlobalSection(SolutionProperties) = preSolution
		HideSolutionNode = FALSE
	EndGlobalSection
	GlobalSection(ExtensibilityGlobals) = postSolution
		SolutionGuid = {3234EBA9-E587-446E-A34F-41DDE1D87364}
	EndGlobalSection
EndGlobal
